# THIS IS AN AUTOGENERATED FILE. DO NOT EDIT THIS FILE DIRECTLY.
# yarn lockfile v1


"@davidbwaters/eslint-config@^1.4.2":
  version "1.4.3"
  resolved "https://registry.yarnpkg.com/@davidbwaters/eslint-config/-/eslint-config-1.4.3.tgz#53be80f3aa8e0a6fa2f5af5ef4d42609e57067c6"
  integrity sha512-9Ml1IXnxCDO6SD3zX20gugPGyMTAYa/BuPdS66fpQAbw/et6ADdOeSyFAKhB/H/Sx7KreKeX2C5CCjTA0Iy8lA==

eslint-config-prettier@^4.3.0:
  version "4.3.0"
  resolved "https://registry.yarnpkg.com/eslint-config-prettier/-/eslint-config-prettier-4.3.0.tgz#c55c1fcac8ce4518aeb77906984e134d9eb5a4f0"
  integrity sha512-sZwhSTHVVz78+kYD3t5pCWSYEdVSBR0PXnwjDRsUs8ytIrK8PLXw+6FKp8r3Z7rx4ZszdetWlXYKOHoUrrwPlA==
  dependencies:
    get-stdin "^6.0.0"

get-stdin@^6.0.0:
  version "6.0.0"
  resolved "https://registry.yarnpkg.com/get-stdin/-/get-stdin-6.0.0.tgz#9e09bf712b360ab9225e812048f71fde9c89657b"
  integrity sha512-jp4tHawyV7+fkkSKyvjuLZswblUtz+SQKzSWnBbii16BuZksJlU1wuBYXY75r+duh/llF1ur6oNwi+2ZzjKZ7g==
